
Microsoft Visual Studio Solution File, Format Version 12.00
Project("{FAE04EC0-301F-11D3-BF4B-00C04F79EFBC}") = "Zentry.Api", "Zentry.Api\Zentry.Api.csproj", "{2A721479-A512-469F-8D7A-8ADC18B11309}"
EndProject
Project("{FAE04EC0-301F-11D3-BF4B-00C04F79EFBC}") = "Zentry.Application", "Zentry.Application\Zentry.Application.csproj", "{490F580E-C73D-486E-BB4B-AD2345A55590}"
EndProject
Project("{FAE04EC0-301F-11D3-BF4B-00C04F79EFBC}") = "Zentry.Domain", "Zentry.Domain\Zentry.Domain.csproj", "{4B55BB34-94E9-43E3-BE64-0338647BB418}"
EndProject
Project("{FAE04EC0-301F-11D3-BF4B-00C04F79EFBC}") = "Zentry.Infrastructure", "Zentry.Infrastructure\Zentry.Infrastructure.csproj", "{9FDFEA89-B73B-4FBC-B701-1C2AD28DF7DF}"
EndProject
Global
	GlobalSection(SolutionConfigurationPlatforms) = preSolution
		Debug|Any CPU = Debug|Any CPU
		Debug|x64 = Debug|x64
		Debug|x86 = Debug|x86
		Release|Any CPU = Release|Any CPU
		Release|x64 = Release|x64
		Release|x86 = Release|x86
	EndGlobalSection
	GlobalSection(ProjectConfigurationPlatforms) = postSolution
		{2A721479-A512-469F-8D7A-8ADC18B11309}.Debug|Any CPU.ActiveCfg = Debug|Any CPU
		{2A721479-A512-469F-8D7A-8ADC18B11309}.Debug|Any CPU.Build.0 = Debug|Any CPU
		{2A721479-A512-469F-8D7A-8ADC18B11309}.Debug|x64.ActiveCfg = Debug|Any CPU
		{2A721479-A512-469F-8D7A-8ADC18B11309}.Debug|x64.Build.0 = Debug|Any CPU
		{2A721479-A512-469F-8D7A-8ADC18B11309}.Debug|x86.ActiveCfg = Debug|Any CPU
		{2A721479-A512-469F-8D7A-8ADC18B11309}.Debug|x86.Build.0 = Debug|Any CPU
		{2A721479-A512-469F-8D7A-8ADC18B11309}.Release|Any CPU.ActiveCfg = Release|Any CPU
		{2A721479-A512-469F-8D7A-8ADC18B11309}.Release|Any CPU.Build.0 = Release|Any CPU
		{2A721479-A512-469F-8D7A-8ADC18B11309}.Release|x64.ActiveCfg = Release|Any CPU
		{2A721479-A512-469F-8D7A-8ADC18B11309}.Release|x64.Build.0 = Release|Any CPU
		{2A721479-A512-469F-8D7A-8ADC18B11309}.Release|x86.ActiveCfg = Release|Any CPU
		{2A721479-A512-469F-8D7A-8ADC18B11309}.Release|x86.Build.0 = Release|Any CPU
		{490F580E-C73D-486E-BB4B-AD2345A55590}.Debug|Any CPU.ActiveCfg = Debug|Any CPU
		{490F580E-C73D-486E-BB4B-AD2345A55590}.Debug|Any CPU.Build.0 = Debug|Any CPU
		{490F580E-C73D-486E-BB4B-AD2345A55590}.Debug|x64.ActiveCfg = Debug|Any CPU
		{490F580E-C73D-486E-BB4B-AD2345A55590}.Debug|x64.Build.0 = Debug|Any CPU
		{490F580E-C73D-486E-BB4B-AD2345A55590}.Debug|x86.ActiveCfg = Debug|Any CPU
		{490F580E-C73D-486E-BB4B-AD2345A55590}.Debug|x86.Build.0 = Debug|Any CPU
		{490F580E-C73D-486E-BB4B-AD2345A55590}.Release|Any CPU.ActiveCfg = Release|Any CPU
		{490F580E-C73D-486E-BB4B-AD2345A55590}.Release|Any CPU.Build.0 = Release|Any CPU
		{490F580E-C73D-486E-BB4B-AD2345A55590}.Release|x64.ActiveCfg = Release|Any CPU
		{490F580E-C73D-486E-BB4B-AD2345A55590}.Release|x64.Build.0 = Release|Any CPU
		{490F580E-C73D-486E-BB4B-AD2345A55590}.Release|x86.ActiveCfg = Release|Any CPU
		{490F580E-C73D-486E-BB4B-AD2345A55590}.Release|x86.Build.0 = Release|Any CPU
		{4B55BB34-94E9-43E3-BE64-0338647BB418}.Debug|Any CPU.ActiveCfg = Debug|Any CPU
		{4B55BB34-94E9-43E3-BE64-0338647BB418}.Debug|Any CPU.Build.0 = Debug|Any CPU
		{4B55BB34-94E9-43E3-BE64-0338647BB418}.Debug|x64.ActiveCfg = Debug|Any CPU
		{4B55BB34-94E9-43E3-BE64-0338647BB418}.Debug|x64.Build.0 = Debug|Any CPU
		{4B55BB34-94E9-43E3-BE64-0338647BB418}.Debug|x86.ActiveCfg = Debug|Any CPU
		{4B55BB34-94E9-43E3-BE64-0338647BB418}.Debug|x86.Build.0 = Debug|Any CPU
		{4B55BB34-94E9-43E3-BE64-0338647BB418}.Release|Any CPU.ActiveCfg = Release|Any CPU
		{4B55BB34-94E9-43E3-BE64-0338647BB418}.Release|Any CPU.Build.0 = Release|Any CPU
		{4B55BB34-94E9-43E3-BE64-0338647BB418}.Release|x64.ActiveCfg = Release|Any CPU
		{4B55BB34-94E9-43E3-BE64-0338647BB418}.Release|x64.Build.0 = Release|Any CPU
		{4B55BB34-94E9-43E3-BE64-0338647BB418}.Release|x86.ActiveCfg = Release|Any CPU
		{4B55BB34-94E9-43E3-BE64-0338647BB418}.Release|x86.Build.0 = Release|Any CPU
		{9FDFEA89-B73B-4FBC-B701-1C2AD28DF7DF}.Debug|Any CPU.ActiveCfg = Debug|Any CPU
		{9FDFEA89-B73B-4FBC-B701-1C2AD28DF7DF}.Debug|Any CPU.Build.0 = Debug|Any CPU
		{9FDFEA89-B73B-4FBC-B701-1C2AD28DF7DF}.Debug|x64.ActiveCfg = Debug|Any CPU
		{9FDFEA89-B73B-4FBC-B701-1C2AD28DF7DF}.Debug|x64.Build.0 = Debug|Any CPU
		{9FDFEA89-B73B-4FBC-B701-1C2AD28DF7DF}.Debug|x86.ActiveCfg = Debug|Any CPU
		{9FDFEA89-B73B-4FBC-B701-1C2AD28DF7DF}.Debug|x86.Build.0 = Debug|Any CPU
		{9FDFEA89-B73B-4FBC-B701-1C2AD28DF7DF}.Release|Any CPU.ActiveCfg = Release|Any CPU
		{9FDFEA89-B73B-4FBC-B701-1C2AD28DF7DF}.Release|Any CPU.Build.0 = Release|Any CPU
		{9FDFEA89-B73B-4FBC-B701-1C2AD28DF7DF}.Release|x64.ActiveCfg = Release|Any CPU
		{9FDFEA89-B73B-4FBC-B701-1C2AD28DF7DF}.Release|x64.Build.0 = Release|Any CPU
		{9FDFEA89-B73B-4FBC-B701-1C2AD28DF7DF}.Release|x86.ActiveCfg = Release|Any CPU
		{9FDFEA89-B73B-4FBC-B701-1C2AD28DF7DF}.Release|x86.Build.0 = Release|Any CPU
	EndGlobalSection
	GlobalSection(SolutionProperties) = preSolution
		HideSolutionNode = FALSE
	EndGlobalSection
EndGlobal
